
Microsoft Visual Studio Solution File, Format Version 12.00
# Visual Studio 15
Project("{FAE04EC0-301F-11D3-BF4B-00C04F79EFBC}") = "Assembly-CSharp", "Assembly-CSharp.csproj", "{18256E81-DEC7-93D5-D1DB-1E9604E11176}"
EndProject
Project("{FAE04EC0-301F-11D3-BF4B-00C04F79EFBC}") = "Assembly-CSharp-Editor", "Assembly-CSharp-Editor.csproj", "{246FCECF-241C-76BB-E5AD-302F28D8A79A}"
EndProject
Global
	GlobalSection(SolutionConfigurationPlatforms) = preSolution
		Debug|Any CPU = Debug|Any CPU
		Release|Any CPU = Release|Any CPU
	EndGlobalSection
	GlobalSection(ProjectConfigurationPlatforms) = postSolution
		{18256E81-DEC7-93D5-D1DB-1E9604E11176}.Debug|Any CPU.ActiveCfg = Debug|Any CPU
		{18256E81-DEC7-93D5-D1DB-1E9604E11176}.Debug|Any CPU.Build.0 = Debug|Any CPU
		{18256E81-DEC7-93D5-D1DB-1E9604E11176}.Release|Any CPU.ActiveCfg = Release|Any CPU
		{18256E81-DEC7-93D5-D1DB-1E9604E11176}.Release|Any CPU.Build.0 = Release|Any CPU
		{246FCECF-241C-76BB-E5AD-302F28D8A79A}.Debug|Any CPU.ActiveCfg = Debug|Any CPU
		{246FCECF-241C-76BB-E5AD-302F28D8A79A}.Debug|Any CPU.Build.0 = Debug|Any CPU
		{246FCECF-241C-76BB-E5AD-302F28D8A79A}.Release|Any CPU.ActiveCfg = Release|Any CPU
		{246FCECF-241C-76BB-E5AD-302F28D8A79A}.Release|Any CPU.Build.0 = Release|Any CPU
	EndGlobalSection
	GlobalSection(SolutionProperties) = preSolution
		HideSolutionNode = FALSE
	EndGlobalSection
EndGlobal
